{
    "_readme": [
        "This file locks the dependencies of your project to a known state",
        "Read more about it at https://getcomposer.org/doc/01-basic-usage.md#composer-lock-the-lock-file",
        "This file is @generated automatically"
    ],
    "hash": "6b88b4650c99ad01607d37fc1215e682",
    "content-hash": "33f3a1909eda6999d664cad608838d7f",
    "packages": [
        {
            "name": "facebook/webdriver",
            "version": "1.0.4",
            "source": {
                "type": "git",
                "url": "https://github.com/facebook/php-webdriver.git",
                "reference": "a6e209a309bf7cd71acf15476f40b11a25d5a79d"
            },
            "dist": {
                "type": "zip",
                "url": "https://api.github.com/repos/facebook/php-webdriver/zipball/a6e209a309bf7cd71acf15476f40b11a25d5a79d",
                "reference": "a6e209a309bf7cd71acf15476f40b11a25d5a79d",
                "shasum": ""
            },
            "require": {
                "php": ">=5.3.19"
            },
            "require-dev": {
                "phpunit/phpunit": "4.6.*"
            },
            "suggest": {
                "phpdocumentor/phpdocumentor": "2.*"
            },
            "type": "library",
            "autoload": {
                "psr-4": {
                    "Facebook\\WebDriver\\": "lib/"
                }
            },
            "notification-url": "https://packagist.org/downloads/",
            "license": [
                "Apache-2.0"
            ],
            "description": "A PHP client for WebDriver",
            "homepage": "https://github.com/facebook/php-webdriver",
            "keywords": [
                "facebook",
                "php",
                "selenium",
                "webdriver"
            ],
            "time": "2015-11-03 22:17:22"
        }
    ],
    "packages-dev": [],
    "aliases": [],
    "minimum-stability": "stable",
    "stability-flags": [],
    "prefer-stable": false,
    "prefer-lowest": false,
    "platform": [],
    "platform-dev": []
}
